
Microsoft Visual Studio Solution File, Format Version 12.00
# Visual Studio 15
VisualStudioVersion = 15.0.26730.3
MinimumVisualStudioVersion = 10.0.40219.1
Project("{FAE04EC0-301F-11D3-BF4B-00C04F79EFBC}") = "PinPadEmulator", "PinPadEmulator\PinPadEmulator.csproj", "{59DDEAAA-7343-4707-8A94-A4A383D26234}"
EndProject
Project("{FAE04EC0-301F-11D3-BF4B-00C04F79EFBC}") = "PinPadMocker", "PinPadMocker\PinPadMocker.csproj", "{97DEF0C3-56FD-4079-8ACF-0D5FADE5515D}"
EndProject
Project("{FAE04EC0-301F-11D3-BF4B-00C04F79EFBC}") = "PinPadMocker.CLI", "PinPadMocker.CLI\PinPadMocker.CLI.csproj", "{F8F858C1-0CE8-44C8-92AE-A73A81732A19}"
EndProject
Project("{2150E333-8FDC-42A3-9474-1A3956D46DE8}") = ".nuget", ".nuget", "{A6820F96-A1A3-4F9D-BED9-AAB57E56FA7F}"
	ProjectSection(SolutionItems) = preProject
		.nuget\NuGet.Config = .nuget\NuGet.Config
		.nuget\NuGet.exe = .nuget\NuGet.exe
		.nuget\NuGet.targets = .nuget\NuGet.targets
		.nuget\packages.config = .nuget\packages.config
	EndProjectSection
EndProject
Project("{FAE04EC0-301F-11D3-BF4B-00C04F79EFBC}") = "PinPadEmulator.Tests", "PinPadEmulator.Tests\PinPadEmulator.Tests.csproj", "{2F4F96AF-5E03-45F5-AA6B-DBF7D2B0CDBB}"
EndProject
Global
	GlobalSection(SolutionConfigurationPlatforms) = preSolution
		Debug|Any CPU = Debug|Any CPU
		Release|Any CPU = Release|Any CPU
	EndGlobalSection
	GlobalSection(ProjectConfigurationPlatforms) = postSolution
		{59DDEAAA-7343-4707-8A94-A4A383D26234}.Debug|Any CPU.ActiveCfg = Debug|Any CPU
		{59DDEAAA-7343-4707-8A94-A4A383D26234}.Debug|Any CPU.Build.0 = Debug|Any CPU
		{59DDEAAA-7343-4707-8A94-A4A383D26234}.Release|Any CPU.ActiveCfg = Release|Any CPU
		{59DDEAAA-7343-4707-8A94-A4A383D26234}.Release|Any CPU.Build.0 = Release|Any CPU
		{97DEF0C3-56FD-4079-8ACF-0D5FADE5515D}.Debug|Any CPU.ActiveCfg = Debug|Any CPU
		{97DEF0C3-56FD-4079-8ACF-0D5FADE5515D}.Debug|Any CPU.Build.0 = Debug|Any CPU
		{97DEF0C3-56FD-4079-8ACF-0D5FADE5515D}.Release|Any CPU.ActiveCfg = Release|Any CPU
		{97DEF0C3-56FD-4079-8ACF-0D5FADE5515D}.Release|Any CPU.Build.0 = Release|Any CPU
		{F8F858C1-0CE8-44C8-92AE-A73A81732A19}.Debug|Any CPU.ActiveCfg = Debug|Any CPU
		{F8F858C1-0CE8-44C8-92AE-A73A81732A19}.Debug|Any CPU.Build.0 = Debug|Any CPU
		{F8F858C1-0CE8-44C8-92AE-A73A81732A19}.Release|Any CPU.ActiveCfg = Release|Any CPU
		{F8F858C1-0CE8-44C8-92AE-A73A81732A19}.Release|Any CPU.Build.0 = Release|Any CPU
		{2F4F96AF-5E03-45F5-AA6B-DBF7D2B0CDBB}.Debug|Any CPU.ActiveCfg = Debug|Any CPU
		{2F4F96AF-5E03-45F5-AA6B-DBF7D2B0CDBB}.Debug|Any CPU.Build.0 = Debug|Any CPU
		{2F4F96AF-5E03-45F5-AA6B-DBF7D2B0CDBB}.Release|Any CPU.ActiveCfg = Release|Any CPU
		{2F4F96AF-5E03-45F5-AA6B-DBF7D2B0CDBB}.Release|Any CPU.Build.0 = Release|Any CPU
	EndGlobalSection
	GlobalSection(SolutionProperties) = preSolution
		HideSolutionNode = FALSE
	EndGlobalSection
	GlobalSection(ExtensibilityGlobals) = postSolution
		SolutionGuid = {6C2414FC-04A6-4BF1-9996-3BA6ADD4B4B7}
	EndGlobalSection
EndGlobal
